
Microsoft Visual Studio Solution File, Format Version 12.00
# Visual Studio Version 17
VisualStudioVersion = 17.13.35931.197 d17.13
MinimumVisualStudioVersion = 10.0.40219.1
Project("{FAE04EC0-301F-11D3-BF4B-00C04F79EFBC}") = "Final_project_wpf", "Final_project\Final_project_wpf.csproj", "{91CFE618-E186-49BC-A3B5-F7ACBE7414ED}"
EndProject
Global
	GlobalSection(SolutionConfigurationPlatforms) = preSolution
		Debug|Any CPU = Debug|Any CPU
		Release|Any CPU = Release|Any CPU
	EndGlobalSection
	GlobalSection(ProjectConfigurationPlatforms) = postSolution
		{91CFE618-E186-49BC-A3B5-F7ACBE7414ED}.Debug|Any CPU.ActiveCfg = Debug|Any CPU
		{91CFE618-E186-49BC-A3B5-F7ACBE7414ED}.Debug|Any CPU.Build.0 = Debug|Any CPU
		{91CFE618-E186-49BC-A3B5-F7ACBE7414ED}.Release|Any CPU.ActiveCfg = Release|Any CPU
		{91CFE618-E186-49BC-A3B5-F7ACBE7414ED}.Release|Any CPU.Build.0 = Release|Any CPU
	EndGlobalSection
	GlobalSection(SolutionProperties) = preSolution
		HideSolutionNode = FALSE
	EndGlobalSection
	GlobalSection(ExtensibilityGlobals) = postSolution
		SolutionGuid = {E1DEAC9D-759F-45D5-A260-2EEB3D18B1B3}
	EndGlobalSection
EndGlobal
